
Microsoft Visual Studio Solution File, Format Version 12.00
# Visual Studio Version 17
VisualStudioVersion = 17.14.36301.6 d17.14
MinimumVisualStudioVersion = 10.0.40219.1
Project("{FAE04EC0-301F-11D3-BF4B-00C04F79EFBC}") = "LoginConsole", "LoginConsole.csproj", "{E44709E6-5321-4F6D-BD07-3B2A0D50BDE2}"
EndProject
Global
	GlobalSection(SolutionConfigurationPlatforms) = preSolution
		Debug|Any CPU = Debug|Any CPU
		Release|Any CPU = Release|Any CPU
	EndGlobalSection
	GlobalSection(ProjectConfigurationPlatforms) = postSolution
		{E44709E6-5321-4F6D-BD07-3B2A0D50BDE2}.Debug|Any CPU.ActiveCfg = Debug|Any CPU
		{E44709E6-5321-4F6D-BD07-3B2A0D50BDE2}.Debug|Any CPU.Build.0 = Debug|Any CPU
		{E44709E6-5321-4F6D-BD07-3B2A0D50BDE2}.Release|Any CPU.ActiveCfg = Release|Any CPU
		{E44709E6-5321-4F6D-BD07-3B2A0D50BDE2}.Release|Any CPU.Build.0 = Release|Any CPU
	EndGlobalSection
	GlobalSection(SolutionProperties) = preSolution
		HideSolutionNode = FALSE
	EndGlobalSection
	GlobalSection(ExtensibilityGlobals) = postSolution
		SolutionGuid = {7F55007F-8F47-4DDC-9232-C6BFD1E38B1D}
	EndGlobalSection
EndGlobal
